
Microsoft Visual Studio Solution File, Format Version 12.00
# Visual Studio Version 17
VisualStudioVersion = 17.3.32811.315
MinimumVisualStudioVersion = 10.0.40219.1
Project("{C9674DCB-5085-4A16-B785-4C70DD1589BD}") = "BofA_marketing SSIS Package", "BofA_marketing SSIS Package\BofA_marketing SSIS Package.dtproj", "{04811ACF-5C0C-4040-9585-6EF2CAB04395}"
EndProject
Global
	GlobalSection(SolutionConfigurationPlatforms) = preSolution
		Development|Default = Development|Default
	EndGlobalSection
	GlobalSection(ProjectConfigurationPlatforms) = postSolution
		{04811ACF-5C0C-4040-9585-6EF2CAB04395}.Development|Default.ActiveCfg = Development
		{04811ACF-5C0C-4040-9585-6EF2CAB04395}.Development|Default.Build.0 = Development
	EndGlobalSection
	GlobalSection(SolutionProperties) = preSolution
		HideSolutionNode = FALSE
	EndGlobalSection
	GlobalSection(ExtensibilityGlobals) = postSolution
		SolutionGuid = {83EE182F-34F4-4316-AF3B-39315751F5B5}
	EndGlobalSection
EndGlobal
